
Microsoft Visual Studio Solution File, Format Version 12.00
# Visual Studio Version 17
VisualStudioVersion = 17.6.33829.357
MinimumVisualStudioVersion = 10.0.40219.1
Project("{9A19103F-16F7-4668-BE54-9A1E7A4F7556}") = "Access_SQL_Query_Tool", "src\Access_SQL_Query_Tool.csproj", "{34B06385-BE69-43BF-B592-436CFBD6954F}"
EndProject
Project("{2150E333-8FDC-42A3-9474-1A3956D46DE8}") = "Solution Items", "Solution Items", "{B670A6BC-73CF-4C77-92A2-3E2AE3AA8588}"
	ProjectSection(SolutionItems) = preProject
		.gitignore = .gitignore
		creative\Access_SQL_Query_Tool.ico = creative\Access_SQL_Query_Tool.ico
		creative\Access_SQL_Query_Tool.xcf = creative\Access_SQL_Query_Tool.xcf
		ReadMe.md = ReadMe.md
		db\Sample.accdb = db\Sample.accdb
	EndProjectSection
EndProject
Global
	GlobalSection(SolutionConfigurationPlatforms) = preSolution
		Debug|Any CPU = Debug|Any CPU
		Release|Any CPU = Release|Any CPU
	EndGlobalSection
	GlobalSection(ProjectConfigurationPlatforms) = postSolution
		{34B06385-BE69-43BF-B592-436CFBD6954F}.Debug|Any CPU.ActiveCfg = Debug|Any CPU
		{34B06385-BE69-43BF-B592-436CFBD6954F}.Debug|Any CPU.Build.0 = Debug|Any CPU
		{34B06385-BE69-43BF-B592-436CFBD6954F}.Release|Any CPU.ActiveCfg = Release|Any CPU
		{34B06385-BE69-43BF-B592-436CFBD6954F}.Release|Any CPU.Build.0 = Release|Any CPU
	EndGlobalSection
	GlobalSection(SolutionProperties) = preSolution
		HideSolutionNode = FALSE
	EndGlobalSection
	GlobalSection(ExtensibilityGlobals) = postSolution
		SolutionGuid = {4FBAEF24-FF4E-47A4-818B-C517FE08EEA1}
	EndGlobalSection
EndGlobal
